
Microsoft Visual Studio Solution File, Format Version 12.00
# Visual Studio Version 17
VisualStudioVersion = 17.11.35312.102
MinimumVisualStudioVersion = 10.0.40219.1
Project("{FAE04EC0-301F-11D3-BF4B-00C04F79EFBC}") = "Video Search Web App", "Video Search Web App\Video Search Web App.csproj", "{048FE829-EBB1-449D-9C4F-6B380DB14C67}"
EndProject
Global
	GlobalSection(SolutionConfigurationPlatforms) = preSolution
		Debug|Any CPU = Debug|Any CPU
		Release|Any CPU = Release|Any CPU
	EndGlobalSection
	GlobalSection(ProjectConfigurationPlatforms) = postSolution
		{048FE829-EBB1-449D-9C4F-6B380DB14C67}.Debug|Any CPU.ActiveCfg = Debug|Any CPU
		{048FE829-EBB1-449D-9C4F-6B380DB14C67}.Debug|Any CPU.Build.0 = Debug|Any CPU
		{048FE829-EBB1-449D-9C4F-6B380DB14C67}.Release|Any CPU.ActiveCfg = Release|Any CPU
		{048FE829-EBB1-449D-9C4F-6B380DB14C67}.Release|Any CPU.Build.0 = Release|Any CPU
	EndGlobalSection
	GlobalSection(SolutionProperties) = preSolution
		HideSolutionNode = FALSE
	EndGlobalSection
	GlobalSection(ExtensibilityGlobals) = postSolution
		SolutionGuid = {7A5021C5-BAE0-4B5B-BB1A-A5507B354723}
	EndGlobalSection
EndGlobal
